
Microsoft Visual Studio Solution File, Format Version 12.00
# Visual Studio 15
VisualStudioVersion = 15.0.28307.757
MinimumVisualStudioVersion = 10.0.40219.1
Project("{FAE04EC0-301F-11D3-BF4B-00C04F79EFBC}") = "Project3_BryanChoi", "Project3_BryanChoi\Project3_BryanChoi.csproj", "{CE19FCAF-4DA4-4514-80E6-2B1157FC0CDC}"
EndProject
Global
	GlobalSection(SolutionConfigurationPlatforms) = preSolution
		Debug|Any CPU = Debug|Any CPU
		Release|Any CPU = Release|Any CPU
	EndGlobalSection
	GlobalSection(ProjectConfigurationPlatforms) = postSolution
		{CE19FCAF-4DA4-4514-80E6-2B1157FC0CDC}.Debug|Any CPU.ActiveCfg = Debug|Any CPU
		{CE19FCAF-4DA4-4514-80E6-2B1157FC0CDC}.Debug|Any CPU.Build.0 = Debug|Any CPU
		{CE19FCAF-4DA4-4514-80E6-2B1157FC0CDC}.Release|Any CPU.ActiveCfg = Release|Any CPU
		{CE19FCAF-4DA4-4514-80E6-2B1157FC0CDC}.Release|Any CPU.Build.0 = Release|Any CPU
	EndGlobalSection
	GlobalSection(SolutionProperties) = preSolution
		HideSolutionNode = FALSE
	EndGlobalSection
	GlobalSection(ExtensibilityGlobals) = postSolution
		SolutionGuid = {E0CEC067-513B-4192-AD87-F9D62D48025E}
	EndGlobalSection
EndGlobal
